
Microsoft Visual Studio Solution File, Format Version 12.00
# Visual Studio Version 16
VisualStudioVersion = 16.0.32602.291
MinimumVisualStudioVersion = 10.0.40219.1
Project("{FAE04EC0-301F-11D3-BF4B-00C04F79EFBC}") = "ClassLibrary1", "ClassLibrary1\ClassLibrary1.csproj", "{D0633BAF-07A7-4AA4-9384-C50E94EFC3EE}"
EndProject
Global
	GlobalSection(SolutionConfigurationPlatforms) = preSolution
		Debug|Any CPU = Debug|Any CPU
		Release|Any CPU = Release|Any CPU
	EndGlobalSection
	GlobalSection(ProjectConfigurationPlatforms) = postSolution
		{D0633BAF-07A7-4AA4-9384-C50E94EFC3EE}.Debug|Any CPU.ActiveCfg = Debug|Any CPU
		{D0633BAF-07A7-4AA4-9384-C50E94EFC3EE}.Debug|Any CPU.Build.0 = Debug|Any CPU
		{D0633BAF-07A7-4AA4-9384-C50E94EFC3EE}.Release|Any CPU.ActiveCfg = Release|Any CPU
		{D0633BAF-07A7-4AA4-9384-C50E94EFC3EE}.Release|Any CPU.Build.0 = Release|Any CPU
	EndGlobalSection
	GlobalSection(SolutionProperties) = preSolution
		HideSolutionNode = FALSE
	EndGlobalSection
	GlobalSection(ExtensibilityGlobals) = postSolution
		SolutionGuid = {F73D2314-60E5-444A-B64F-1E2E764D5797}
	EndGlobalSection
EndGlobal
